
Microsoft Visual Studio Solution File, Format Version 11.00
# Visual Studio 2010
Project("{8BC9CEB8-8B4A-11D0-8D11-00A0C91BC942}") = "demo", "demo\demo.vcxproj", "{C9E67BCC-B73D-41F4-8B94-265FF709CD35}"
EndProject
Global
	GlobalSection(SolutionConfigurationPlatforms) = preSolution
		Debug|Win32 = Debug|Win32
		Release|Win32 = Release|Win32
	EndGlobalSection
	GlobalSection(ProjectConfigurationPlatforms) = postSolution
		{C9E67BCC-B73D-41F4-8B94-265FF709CD35}.Debug|Win32.ActiveCfg = Debug|Win32
		{C9E67BCC-B73D-41F4-8B94-265FF709CD35}.Debug|Win32.Build.0 = Debug|Win32
		{C9E67BCC-B73D-41F4-8B94-265FF709CD35}.Release|Win32.ActiveCfg = Release|Win32
		{C9E67BCC-B73D-41F4-8B94-265FF709CD35}.Release|Win32.Build.0 = Release|Win32
	EndGlobalSection
	GlobalSection(SolutionProperties) = preSolution
		HideSolutionNode = FALSE
	EndGlobalSection
EndGlobal
